// !$*UTF8*$!
{
	archiveVersion = 1;
	classes = {
	};
	objectVersion = 46;
	objects = {

/* Begin PBXBuildFile section */
		55B04BB51996422C00D9E545 /* Foundation.framework in Frameworks */ = {isa = PBXBuildFile; fileRef = 55B04BB41996422C00D9E545 /* Foundation.framework */; };
		55B04BB71996422C00D9E545 /* CoreGraphics.framework in Frameworks */ = {isa = PBXBuildFile; fileRef = 55B04BB61996422C00D9E545 /* CoreGraphics.framework */; };
		55B04BB91996422C00D9E545 /* UIKit.framework in Frameworks */ = {isa = PBXBuildFile; fileRef = 55B04BB81996422C00D9E545 /* UIKit.framework */; };
		55B04BBF1996422C00D9E545 /* InfoPlist.strings in Resources */ = {isa = PBXBuildFile; fileRef = 55B04BBD1996422C00D9E545 /* InfoPlist.strings */; };
		55B04BC11996422C00D9E545 /* main.m in Sources */ = {isa = PBXBuildFile; fileRef = 55B04BC01996422C00D9E545 /* main.m */; };
		55B04BC51996422C00D9E545 /* AppDelegate.m in Sources */ = {isa = PBXBuildFile; fileRef = 55B04BC41996422C00D9E545 /* AppDelegate.m */; };
		55B04BC81996422C00D9E545 /* Main.storyboard in Resources */ = {isa = PBXBuildFile; fileRef = 55B04BC61996422C00D9E545 /* Main.storyboard */; };
		55B04BCD1996422C00D9E545 /* Images.xcassets in Resources */ = {isa = PBXBuildFile; fileRef = 55B04BCC1996422C00D9E545 /* Images.xcassets */; };
		55B04BD41996422C00D9E545 /* XCTest.framework in Frameworks */ = {isa = PBXBuildFile; fileRef = 55B04BD31996422C00D9E545 /* XCTest.framework */; };
		55B04BD51996422C00D9E545 /* Foundation.framework in Frameworks */ = {isa = PBXBuildFile; fileRef = 55B04BB41996422C00D9E545 /* Foundation.framework */; };
		55B04BD61996422C00D9E545 /* UIKit.framework in Frameworks */ = {isa = PBXBuildFile; fileRef = 55B04BB81996422C00D9E545 /* UIKit.framework */; };
		55B04BDE1996422C00D9E545 /* InfoPlist.strings in Resources */ = {isa = PBXBuildFile; fileRef = 55B04BDC1996422C00D9E545 /* InfoPlist.strings */; };
		55B04BE01996422C00D9E545 /* BrowserViewSampleTests.m in Sources */ = {isa = PBXBuildFile; fileRef = 55B04BDF1996422C00D9E545 /* BrowserViewSampleTests.m */; };
		55B04BEB1996424E00D9E545 /* BrowserViewController.m in Sources */ = {isa = PBXBuildFile; fileRef = 55B04BEA1996424E00D9E545 /* BrowserViewController.m */; };
/* End PBXBuildFile section */

/* Begin PBXContainerItemProxy section */
		55B04BD71996422C00D9E545 /* PBXContainerItemProxy */ = {
			isa = PBXContainerItemProxy;
			containerPortal = 55B04BA91996422C00D9E545 /* Project object */;
			proxyType = 1;
			remoteGlobalIDString = 55B04BB01996422C00D9E545;
			remoteInfo = BrowserViewSample;
		};
/* End PBXContainerItemProxy section */

/* Begin PBXFileReference section */
		55B04BB11996422C00D9E545 /* BrowserViewSample.app */ = {isa = PBXFileReference; explicitFileType = wrapper.application; includeInIndex = 0; path = BrowserViewSample.app; sourceTree = BUILT_PRODUCTS_DIR; };
		55B04BB41996422C00D9E545 /* Foundation.framework */ = {isa = PBXFileReference; lastKnownFileType = wrapper.framework; name = Foundation.framework; path = System/Library/Frameworks/Foundation.framework; sourceTree = SDKROOT; };
		55B04BB61996422C00D9E545 /* CoreGraphics.framework */ = {isa = PBXFileReference; lastKnownFileType = wrapper.framework; name = CoreGraphics.framework; path = System/Library/Frameworks/CoreGraphics.framework; sourceTree = SDKROOT; };
		55B04BB81996422C00D9E545 /* UIKit.framework */ = {isa = PBXFileReference; lastKnownFileType = wrapper.framework; name = UIKit.framework; path = System/Library/Frameworks/UIKit.framework; sourceTree = SDKROOT; };
		55B04BBC1996422C00D9E545 /* BrowserViewSample-Info.plist */ = {isa = PBXFileReference; lastKnownFileType = text.plist.xml; path = "BrowserViewSample-Info.plist"; sourceTree = "<group>"; };
		55B04BBE1996422C00D9E545 /* en */ = {isa = PBXFileReference; lastKnownFileType = text.plist.strings; name = en; path = en.lproj/InfoPlist.strings; sourceTree = "<group>"; };
		55B04BC01996422C00D9E545 /* main.m */ = {isa = PBXFileReference; lastKnownFileType = sourcecode.c.objc; path = main.m; sourceTree = "<group>"; };
		55B04BC21996422C00D9E545 /* BrowserViewSample-Prefix.pch */ = {isa = PBXFileReference; lastKnownFileType = sourcecode.c.h; path = "BrowserViewSample-Prefix.pch"; sourceTree = "<group>"; };
		55B04BC31996422C00D9E545 /* AppDelegate.h */ = {isa = PBXFileReference; lastKnownFileType = sourcecode.c.h; path = AppDelegate.h; sourceTree = "<group>"; };
		55B04BC41996422C00D9E545 /* AppDelegate.m */ = {isa = PBXFileReference; lastKnownFileType = sourcecode.c.objc; path = AppDelegate.m; sourceTree = "<group>"; };
		55B04BC71996422C00D9E545 /* Base */ = {isa = PBXFileReference; lastKnownFileType = file.storyboard; name = Base; path = Base.lproj/Main.storyboard; sourceTree = "<group>"; };
		55B04BCC1996422C00D9E545 /* Images.xcassets */ = {isa = PBXFileReference; lastKnownFileType = folder.assetcatalog; path = Images.xcassets; sourceTree = "<group>"; };
		55B04BD21996422C00D9E545 /* BrowserViewSampleTests.xctest */ = {isa = PBXFileReference; explicitFileType = wrapper.cfbundle; includeInIndex = 0; path = BrowserViewSampleTests.xctest; sourceTree = BUILT_PRODUCTS_DIR; };
		55B04BD31996422C00D9E545 /* XCTest.framework */ = {isa = PBXFileReference; lastKnownFileType = wrapper.framework; name = XCTest.framework; path = Library/Frameworks/XCTest.framework; sourceTree = DEVELOPER_DIR; };
		55B04BDB1996422C00D9E545 /* BrowserViewSampleTests-Info.plist */ = {isa = PBXFileReference; lastKnownFileType = text.plist.xml; path = "BrowserViewSampleTests-Info.plist"; sourceTree = "<group>"; };
		55B04BDD1996422C00D9E545 /* en */ = {isa = PBXFileReference; lastKnownFileType = text.plist.strings; name = en; path = en.lproj/InfoPlist.strings; sourceTree = "<group>"; };
		55B04BDF1996422C00D9E545 /* BrowserViewSampleTests.m */ = {isa = PBXFileReference; lastKnownFileType = sourcecode.c.objc; path = BrowserViewSampleTests.m; sourceTree = "<group>"; };
		55B04BE91996424E00D9E545 /* BrowserViewController.h */ = {isa = PBXFileReference; fileEncoding = 4; lastKnownFileType = sourcecode.c.h; path = BrowserViewController.h; sourceTree = "<group>"; };
		55B04BEA1996424E00D9E545 /* BrowserViewController.m */ = {isa = PBXFileReference; fileEncoding = 4; lastKnownFileType = sourcecode.c.objc; path = BrowserViewController.m; sourceTree = "<group>"; };
/* End PBXFileReference section */

/* Begin PBXFrameworksBuildPhase section */
		55B04BAE1996422C00D9E545 /* Frameworks */ = {
			isa = PBXFrameworksBuildPhase;
			buildActionMask = 2147483647;
			files = (
				55B04BB71996422C00D9E545 /* CoreGraphics.framework in Frameworks */,
				55B04BB91996422C00D9E545 /* UIKit.framework in Frameworks */,
				55B04BB51996422C00D9E545 /* Foundation.framework in Frameworks */,
			);
			runOnlyForDeploymentPostprocessing = 0;
		};
		55B04BCF1996422C00D9E545 /* Frameworks */ = {
			isa = PBXFrameworksBuildPhase;
			buildActionMask = 2147483647;
			files = (
				55B04BD41996422C00D9E545 /* XCTest.framework in Frameworks */,
				55B04BD61996422C00D9E545 /* UIKit.framework in Frameworks */,
				55B04BD51996422C00D9E545 /* Foundation.framework in Frameworks */,
			);
			runOnlyForDeploymentPostprocessing = 0;
		};
/* End PBXFrameworksBuildPhase section */

/* Begin PBXGroup section */
		55B04BA81996422C00D9E545 = {
			isa = PBXGroup;
			children = (
				55B04BBA1996422C00D9E545 /* BrowserViewSample */,
				55B04BD91996422C00D9E545 /* BrowserViewSampleTests */,
				55B04BB31996422C00D9E545 /* Frameworks */,
				55B04BB21996422C00D9E545 /* Products */,
			);
			sourceTree = "<group>";
		};
		55B04BB21996422C00D9E545 /* Products */ = {
			isa = PBXGroup;
			children = (
				55B04BB11996422C00D9E545 /* BrowserViewSample.app */,
				55B04BD21996422C00D9E545 /* BrowserViewSampleTests.xctest */,
			);
			name = Products;
			sourceTree = "<group>";
		};
		55B04BB31996422C00D9E545 /* Frameworks */ = {
			isa = PBXGroup;
			children = (
				55B04BB41996422C00D9E545 /* Foundation.framework */,
				55B04BB61996422C00D9E545 /* CoreGraphics.framework */,
				55B04BB81996422C00D9E545 /* UIKit.framework */,
				55B04BD31996422C00D9E545 /* XCTest.framework */,
			);
			name = Frameworks;
			sourceTree = "<group>";
		};
		55B04BBA1996422C00D9E545 /* BrowserViewSample */ = {
			isa = PBXGroup;
			children = (
				55B04BC31996422C00D9E545 /* AppDelegate.h */,
				55B04BC41996422C00D9E545 /* AppDelegate.m */,
				55B04BC61996422C00D9E545 /* Main.storyboard */,
				55B04BCC1996422C00D9E545 /* Images.xcassets */,
				55B04BE91996424E00D9E545 /* BrowserViewController.h */,
				55B04BEA1996424E00D9E545 /* BrowserViewController.m */,
				55B04BBB1996422C00D9E545 /* Supporting Files */,
			);
			path = BrowserViewSample;
			sourceTree = "<group>";
		};
		55B04BBB1996422C00D9E545 /* Supporting Files */ = {
			isa = PBXGroup;
			children = (
				55B04BBC1996422C00D9E545 /* BrowserViewSample-Info.plist */,
				55B04BBD1996422C00D9E545 /* InfoPlist.strings */,
				55B04BC01996422C00D9E545 /* main.m */,
				55B04BC21996422C00D9E545 /* BrowserViewSample-Prefix.pch */,
			);
			name = "Supporting Files";
			sourceTree = "<group>";
		};
		55B04BD91996422C00D9E545 /* BrowserViewSampleTests */ = {
			isa = PBXGroup;
			children = (
				55B04BDF1996422C00D9E545 /* BrowserViewSampleTests.m */,
				55B04BDA1996422C00D9E545 /* Supporting Files */,
			);
			path = BrowserViewSampleTests;
			sourceTree = "<group>";
		};
		55B04BDA1996422C00D9E545 /* Supporting Files */ = {
			isa = PBXGroup;
			children = (
				55B04BDB1996422C00D9E545 /* BrowserViewSampleTests-Info.plist */,
				55B04BDC1996422C00D9E545 /* InfoPlist.strings */,
			);
			name = "Supporting Files";
			sourceTree = "<group>";
		};
/* End PBXGroup section */

/* Begin PBXNativeTarget section */
		55B04BB01996422C00D9E545 /* BrowserViewSample */ = {
			isa = PBXNativeTarget;
			buildConfigurationList = 55B04BE31996422C00D9E545 /* Build configuration list for PBXNativeTarget "BrowserViewSample" */;
			buildPhases = (
				55B04BAD1996422C00D9E545 /* Sources */,
				55B04BAE1996422C00D9E545 /* Frameworks */,
				55B04BAF1996422C00D9E545 /* Resources */,
			);
			buildRules = (
			);
			dependencies = (
			);
			name = BrowserViewSample;
			productName = BrowserViewSample;
			productReference = 55B04BB11996422C00D9E545 /* BrowserViewSample.app */;
			productType = "com.apple.product-type.application";
		};
		55B04BD11996422C00D9E545 /* BrowserViewSampleTests */ = {
			isa = PBXNativeTarget;
			buildConfigurationList = 55B04BE61996422C00D9E545 /* Build configuration list for PBXNativeTarget "BrowserViewSampleTests" */;
			buildPhases = (
				55B04BCE1996422C00D9E545 /* Sources */,
				55B04BCF1996422C00D9E545 /* Frameworks */,
				55B04BD01996422C00D9E545 /* Resources */,
			);
			buildRules = (
			);
			dependencies = (
				55B04BD81996422C00D9E545 /* PBXTargetDependency */,
			);
			name = BrowserViewSampleTests;
			productName = BrowserViewSampleTests;
			productReference = 55B04BD21996422C00D9E545 /* BrowserViewSampleTests.xctest */;
			productType = "com.apple.product-type.bundle.unit-test";
		};
/* End PBXNativeTarget section */

/* Begin PBXProject section */
		55B04BA91996422C00D9E545 /* Project object */ = {
			isa = PBXProject;
			attributes = {
				LastUpgradeCheck = 0510;
				ORGANIZATIONNAME = KoheiKanagu;
				TargetAttributes = {
					55B04BD11996422C00D9E545 = {
						TestTargetID = 55B04BB01996422C00D9E545;
					};
				};
			};
			buildConfigurationList = 55B04BAC1996422C00D9E545 /* Build configuration list for PBXProject "BrowserViewSample" */;
			compatibilityVersion = "Xcode 3.2";
			developmentRegion = English;
			hasScannedForEncodings = 0;
			knownRegions = (
				en,
				Base,
			);
			mainGroup = 55B04BA81996422C00D9E545;
			productRefGroup = 55B04BB21996422C00D9E545 /* Products */;
			projectDirPath = "";
			projectRoot = "";
			targets = (
				55B04BB01996422C00D9E545 /* BrowserViewSample */,
				55B04BD11996422C00D9E545 /* BrowserViewSampleTests */,
			);
		};
/* End PBXProject section */

/* Begin PBXResourcesBuildPhase section */
		55B04BAF1996422C00D9E545 /* Resources */ = {
			isa = PBXResourcesBuildPhase;
			buildActionMask = 2147483647;
			files = (
				55B04BCD1996422C00D9E545 /* Images.xcassets in Resources */,
				55B04BBF1996422C00D9E545 /* InfoPlist.strings in Resources */,
				55B04BC81996422C00D9E545 /* Main.storyboard in Resources */,
			);
			runOnlyForDeploymentPostprocessing = 0;
		};
		55B04BD01996422C00D9E545 /* Resources */ = {
			isa = PBXResourcesBuildPhase;
			buildActionMask = 2147483647;
			files = (
				55B04BDE1996422C00D9E545 /* InfoPlist.strings in Resources */,
			);
			runOnlyForDeploymentPostprocessing = 0;
		};
/* End PBXResourcesBuildPhase section */

/* Begin PBXSourcesBuildPhase section */
		55B04BAD1996422C00D9E545 /* Sources */ = {
			isa = PBXSourcesBuildPhase;
			buildActionMask = 2147483647;
			files = (
				55B04BC51996422C00D9E545 /* AppDelegate.m in Sources */,
				55B04BC11996422C00D9E545 /* main.m in Sources */,
				55B04BEB1996424E00D9E545 /* BrowserViewController.m in Sources */,
			);
			runOnlyForDeploymentPostprocessing = 0;
		};
		55B04BCE1996422C00D9E545 /* Sources */ = {
			isa = PBXSourcesBuildPhase;
			buildActionMask = 2147483647;
			files = (
				55B04BE01996422C00D9E545 /* BrowserViewSampleTests.m in Sources */,
			);
			runOnlyForDeploymentPostprocessing = 0;
		};
/* End PBXSourcesBuildPhase section */

/* Begin PBXTargetDependency section */
		55B04BD81996422C00D9E545 /* PBXTargetDependency */ = {
			isa = PBXTargetDependency;
			target = 55B04BB01996422C00D9E545 /* BrowserViewSample */;
			targetProxy = 55B04BD71996422C00D9E545 /* PBXContainerItemProxy */;
		};
/* End PBXTargetDependency section */

/* Begin PBXVariantGroup section */
		55B04BBD1996422C00D9E545 /* InfoPlist.strings */ = {
			isa = PBXVariantGroup;
			children = (
				55B04BBE1996422C00D9E545 /* en */,
			);
			name = InfoPlist.strings;
			sourceTree = "<group>";
		};
		55B04BC61996422C00D9E545 /* Main.storyboard */ = {
			isa = PBXVariantGroup;
			children = (
				55B04BC71996422C00D9E545 /* Base */,
			);
			name = Main.storyboard;
			sourceTree = "<group>";
		};
		55B04BDC1996422C00D9E545 /* InfoPlist.strings */ = {
			isa = PBXVariantGroup;
			children = (
				55B04BDD1996422C00D9E545 /* en */,
			);
			name = InfoPlist.strings;
			sourceTree = "<group>";
		};
/* End PBXVariantGroup section */

/* Begin XCBuildConfiguration section */
		55B04BE11996422C00D9E545 /* Debug */ = {
			isa = XCBuildConfiguration;
			buildSettings = {
				ALWAYS_SEARCH_USER_PATHS = NO;
				CLANG_CXX_LANGUAGE_STANDARD = "gnu++0x";
				CLANG_CXX_LIBRARY = "libc++";
				CLANG_ENABLE_MODULES = YES;
				CLANG_ENABLE_OBJC_ARC = YES;
				CLANG_WARN_BOOL_CONVERSION = YES;
				CLANG_WARN_CONSTANT_CONVERSION = YES;
				CLANG_WARN_DIRECT_OBJC_ISA_USAGE = YES_ERROR;
				CLANG_WARN_EMPTY_BODY = YES;
				CLANG_WARN_ENUM_CONVERSION = YES;
				CLANG_WARN_INT_CONVERSION = YES;
				CLANG_WARN_OBJC_ROOT_CLASS = YES_ERROR;
				CLANG_WARN__DUPLICATE_METHOD_MATCH = YES;
				"CODE_SIGN_IDENTITY[sdk=iphoneos*]" = "iPhone Developer";
				COPY_PHASE_STRIP = NO;
				GCC_C_LANGUAGE_STANDARD = gnu99;
				GCC_DYNAMIC_NO_PIC = NO;
				GCC_OPTIMIZATION_LEVEL = 0;
				GCC_PREPROCESSOR_DEFINITIONS = (
					"DEBUG=1",
					"$(inherited)",
				);
				GCC_SYMBOLS_PRIVATE_EXTERN = NO;
				GCC_WARN_64_TO_32_BIT_CONVERSION = YES;
				GCC_WARN_ABOUT_RETURN_TYPE = YES_ERROR;
				GCC_WARN_UNDECLARED_SELECTOR = YES;
				GCC_WARN_UNINITIALIZED_AUTOS = YES_AGGRESSIVE;
				GCC_WARN_UNUSED_FUNCTION = YES;
				GCC_WARN_UNUSED_VARIABLE = YES;
				IPHONEOS_DEPLOYMENT_TARGET = 7.1;
				ONLY_ACTIVE_ARCH = YES;
				SDKROOT = iphoneos;
			};
			name = Debug;
		};
		55B04BE21996422C00D9E545 /* Release */ = {
			isa = XCBuildConfiguration;
			buildSettings = {
				ALWAYS_SEARCH_USER_PATHS = NO;
				CLANG_CXX_LANGUAGE_STANDARD = "gnu++0x";
				CLANG_CXX_LIBRARY = "libc++";
				CLANG_ENABLE_MODULES = YES;
				CLANG_ENABLE_OBJC_ARC = YES;
				CLANG_WARN_BOOL_CONVERSION = YES;
				CLANG_WARN_CONSTANT_CONVERSION = YES;
				CLANG_WARN_DIRECT_OBJC_ISA_USAGE = YES_ERROR;
				CLANG_WARN_EMPTY_BODY = YES;
				CLANG_WARN_ENUM_CONVERSION = YES;
				CLANG_WARN_INT_CONVERSION = YES;
				CLANG_WARN_OBJC_ROOT_CLASS = YES_ERROR;
				CLANG_WARN__DUPLICATE_METHOD_MATCH = YES;
				"CODE_SIGN_IDENTITY[sdk=iphoneos*]" = "iPhone Developer";
				COPY_PHASE_STRIP = YES;
				ENABLE_NS_ASSERTIONS = NO;
				GCC_C_LANGUAGE_STANDARD = gnu99;
				GCC_WARN_64_TO_32_BIT_CONVERSION = YES;
				GCC_WARN_ABOUT_RETURN_TYPE = YES_ERROR;
				GCC_WARN_UNDECLARED_SELECTOR = YES;
				GCC_WARN_UNINITIALIZED_AUTOS = YES_AGGRESSIVE;
				GCC_WARN_UNUSED_FUNCTION = YES;
				GCC_WARN_UNUSED_VARIABLE = YES;
				IPHONEOS_DEPLOYMENT_TARGET = 7.1;
				SDKROOT = iphoneos;
				VALIDATE_PRODUCT = YES;
			};
			name = Release;
		};
		55B04BE41996422C00D9E545 /* Debug */ = {
			isa = XCBuildConfiguration;
			buildSettings = {
				ASSETCATALOG_COMPILER_APPICON_NAME = AppIcon;
				ASSETCATALOG_COMPILER_LAUNCHIMAGE_NAME = LaunchImage;
				GCC_PRECOMPILE_PREFIX_HEADER = YES;
				GCC_PREFIX_HEADER = "BrowserViewSample/BrowserViewSample-Prefix.pch";
				INFOPLIST_FILE = "BrowserViewSample/BrowserViewSample-Info.plist";
				PRODUCT_NAME = "$(TARGET_NAME)";
				WRAPPER_EXTENSION = app;
			};
			name = Debug;
		};
		55B04BE51996422C00D9E545 /* Release */ = {
			isa = XCBuildConfiguration;
			buildSettings = {
				ASSETCATALOG_COMPILER_APPICON_NAME = AppIcon;
				ASSETCATALOG_COMPILER_LAUNCHIMAGE_NAME = LaunchImage;
				GCC_PRECOMPILE_PREFIX_HEADER = YES;
				GCC_PREFIX_HEADER = "BrowserViewSample/BrowserViewSample-Prefix.pch";
				INFOPLIST_FILE = "BrowserViewSample/BrowserViewSample-Info.plist";
				PRODUCT_NAME = "$(TARGET_NAME)";
				WRAPPER_EXTENSION = app;
			};
			name = Release;
		};
		55B04BE71996422C00D9E545 /* Debug */ = {
			isa = XCBuildConfiguration;
			buildSettings = {
				BUNDLE_LOADER = "$(BUILT_PRODUCTS_DIR)/BrowserViewSample.app/BrowserViewSample";
				FRAMEWORK_SEARCH_PATHS = (
					"$(SDKROOT)/Developer/Library/Frameworks",
					"$(inherited)",
					"$(DEVELOPER_FRAMEWORKS_DIR)",
				);
				GCC_PRECOMPILE_PREFIX_HEADER = YES;
				GCC_PREFIX_HEADER = "BrowserViewSample/BrowserViewSample-Prefix.pch";
				GCC_PREPROCESSOR_DEFINITIONS = (
					"DEBUG=1",
					"$(inherited)",
				);
				INFOPLIST_FILE = "BrowserViewSampleTests/BrowserViewSampleTests-Info.plist";
				PRODUCT_NAME = "$(TARGET_NAME)";
				TEST_HOST = "$(BUNDLE_LOADER)";
				WRAPPER_EXTENSION = xctest;
			};
			name = Debug;
		};
		55B04BE81996422C00D9E545 /* Release */ = {
			isa = XCBuildConfiguration;
			buildSettings = {
				BUNDLE_LOADER = "$(BUILT_PRODUCTS_DIR)/BrowserViewSample.app/BrowserViewSample";
				FRAMEWORK_SEARCH_PATHS = (
					"$(SDKROOT)/Developer/Library/Frameworks",
					"$(inherited)",
					"$(DEVELOPER_FRAMEWORKS_DIR)",
				);
				GCC_PRECOMPILE_PREFIX_HEADER = YES;
				GCC_PREFIX_HEADER = "BrowserViewSample/BrowserViewSample-Prefix.pch";
				INFOPLIST_FILE = "BrowserViewSampleTests/BrowserViewSampleTests-Info.plist";
				PRODUCT_NAME = "$(TARGET_NAME)";
				TEST_HOST = "$(BUNDLE_LOADER)";
				WRAPPER_EXTENSION = xctest;
			};
			name = Release;
		};
/* End XCBuildConfiguration section */

/* Begin XCConfigurationList section */
		55B04BAC1996422C00D9E545 /* Build configuration list for PBXProject "BrowserViewSample" */ = {
			isa = XCConfigurationList;
			buildConfigurations = (
				55B04BE11996422C00D9E545 /* Debug */,
				55B04BE21996422C00D9E545 /* Release */,
			);
			defaultConfigurationIsVisible = 0;
			defaultConfigurationName = Release;
		};
		55B04BE31996422C00D9E545 /* Build configuration list for PBXNativeTarget "BrowserViewSample" */ = {
			isa = XCConfigurationList;
			buildConfigurations = (
				55B04BE41996422C00D9E545 /* Debug */,
				55B04BE51996422C00D9E545 /* Release */,
			);
			defaultConfigurationIsVisible = 0;
		};
		55B04BE61996422C00D9E545 /* Build configuration list for PBXNativeTarget "BrowserViewSampleTests" */ = {
			isa = XCConfigurationList;
			buildConfigurations = (
				55B04BE71996422C00D9E545 /* Debug */,
				55B04BE81996422C00D9E545 /* Release */,
			);
			defaultConfigurationIsVisible = 0;
		};
/* End XCConfigurationList section */
	};
	rootObject = 55B04BA91996422C00D9E545 /* Project object */;
}
